
Microsoft Visual Studio Solution File, Format Version 12.00
# Visual Studio 15
VisualStudioVersion = 15.0.28307.329
MinimumVisualStudioVersion = 10.0.40219.1
Project("{FAE04EC0-301F-11D3-BF4B-00C04F79EFBC}") = "Grpc.Test.Common", "Grpc.Test.Common\Grpc.Test.Common.csproj", "{3A37B1F2-C5F0-47B7-8D19-3995E34CB48E}"
EndProject
Project("{FAE04EC0-301F-11D3-BF4B-00C04F79EFBC}") = "Grpc.Test.Service", "Grpc.Test.Service\Grpc.Test.Service.csproj", "{951636B4-05E6-4449-9839-CAE889EA29AB}"
EndProject
Project("{FAE04EC0-301F-11D3-BF4B-00C04F79EFBC}") = "Grpc.Test.Client", "Grpc.Test.Client\Grpc.Test.Client.csproj", "{B0319CD4-0CD4-4C1E-8324-85769BEC089F}"
EndProject
Global
	GlobalSection(SolutionConfigurationPlatforms) = preSolution
		Debug|Any CPU = Debug|Any CPU
		Release|Any CPU = Release|Any CPU
	EndGlobalSection
	GlobalSection(ProjectConfigurationPlatforms) = postSolution
		{3A37B1F2-C5F0-47B7-8D19-3995E34CB48E}.Debug|Any CPU.ActiveCfg = Debug|Any CPU
		{3A37B1F2-C5F0-47B7-8D19-3995E34CB48E}.Debug|Any CPU.Build.0 = Debug|Any CPU
		{3A37B1F2-C5F0-47B7-8D19-3995E34CB48E}.Release|Any CPU.ActiveCfg = Release|Any CPU
		{3A37B1F2-C5F0-47B7-8D19-3995E34CB48E}.Release|Any CPU.Build.0 = Release|Any CPU
		{951636B4-05E6-4449-9839-CAE889EA29AB}.Debug|Any CPU.ActiveCfg = Debug|Any CPU
		{951636B4-05E6-4449-9839-CAE889EA29AB}.Debug|Any CPU.Build.0 = Debug|Any CPU
		{951636B4-05E6-4449-9839-CAE889EA29AB}.Release|Any CPU.ActiveCfg = Release|Any CPU
		{951636B4-05E6-4449-9839-CAE889EA29AB}.Release|Any CPU.Build.0 = Release|Any CPU
		{B0319CD4-0CD4-4C1E-8324-85769BEC089F}.Debug|Any CPU.ActiveCfg = Debug|Any CPU
		{B0319CD4-0CD4-4C1E-8324-85769BEC089F}.Debug|Any CPU.Build.0 = Debug|Any CPU
		{B0319CD4-0CD4-4C1E-8324-85769BEC089F}.Release|Any CPU.ActiveCfg = Release|Any CPU
		{B0319CD4-0CD4-4C1E-8324-85769BEC089F}.Release|Any CPU.Build.0 = Release|Any CPU
	EndGlobalSection
	GlobalSection(SolutionProperties) = preSolution
		HideSolutionNode = FALSE
	EndGlobalSection
	GlobalSection(ExtensibilityGlobals) = postSolution
		SolutionGuid = {63869EFA-22E7-4E09-A8FA-071AB729EDF5}
	EndGlobalSection
EndGlobal
